
Microsoft Visual Studio Solution File, Format Version 12.00
# Visual Studio Version 17
VisualStudioVersion = 17.9.34728.123
MinimumVisualStudioVersion = 10.0.40219.1
Project("{FAE04EC0-301F-11D3-BF4B-00C04F79EFBC}") = "monday1", "monday1\monday1.csproj", "{E83D7D77-BBF0-44B8-8D13-9AA980C81151}"
EndProject
Global
	GlobalSection(SolutionConfigurationPlatforms) = preSolution
		Debug|Any CPU = Debug|Any CPU
		Release|Any CPU = Release|Any CPU
	EndGlobalSection
	GlobalSection(ProjectConfigurationPlatforms) = postSolution
		{E83D7D77-BBF0-44B8-8D13-9AA980C81151}.Debug|Any CPU.ActiveCfg = Debug|Any CPU
		{E83D7D77-BBF0-44B8-8D13-9AA980C81151}.Debug|Any CPU.Build.0 = Debug|Any CPU
		{E83D7D77-BBF0-44B8-8D13-9AA980C81151}.Release|Any CPU.ActiveCfg = Release|Any CPU
		{E83D7D77-BBF0-44B8-8D13-9AA980C81151}.Release|Any CPU.Build.0 = Release|Any CPU
	EndGlobalSection
	GlobalSection(SolutionProperties) = preSolution
		HideSolutionNode = FALSE
	EndGlobalSection
	GlobalSection(ExtensibilityGlobals) = postSolution
		SolutionGuid = {A60D05A3-AD46-474C-9218-AF75C4FFD8FC}
	EndGlobalSection
EndGlobal
